
Microsoft Visual Studio Solution File, Format Version 12.00
# Visual Studio 15
VisualStudioVersion = 15.0.28010.2050
MinimumVisualStudioVersion = 10.0.40219.1
Project("{FAE04EC0-301F-11D3-BF4B-00C04F79EFBC}") = "Middleware", "Middleware\Middleware.csproj", "{04FD0A7B-4007-49B4-9E72-60EB59FA914E}"
EndProject
Global
	GlobalSection(SolutionConfigurationPlatforms) = preSolution
		Debug|Any CPU = Debug|Any CPU
		Release|Any CPU = Release|Any CPU
	EndGlobalSection
	GlobalSection(ProjectConfigurationPlatforms) = postSolution
		{04FD0A7B-4007-49B4-9E72-60EB59FA914E}.Debug|Any CPU.ActiveCfg = Debug|Any CPU
		{04FD0A7B-4007-49B4-9E72-60EB59FA914E}.Debug|Any CPU.Build.0 = Debug|Any CPU
		{04FD0A7B-4007-49B4-9E72-60EB59FA914E}.Release|Any CPU.ActiveCfg = Release|Any CPU
		{04FD0A7B-4007-49B4-9E72-60EB59FA914E}.Release|Any CPU.Build.0 = Release|Any CPU
	EndGlobalSection
	GlobalSection(SolutionProperties) = preSolution
		HideSolutionNode = FALSE
	EndGlobalSection
	GlobalSection(ExtensibilityGlobals) = postSolution
		SolutionGuid = {6C993A3B-A967-4288-A740-29FFF40992A2}
	EndGlobalSection
EndGlobal
